
Microsoft Visual Studio Solution File, Format Version 12.00
# Visual Studio Version 17
VisualStudioVersion = 17.9.34701.34
MinimumVisualStudioVersion = 10.0.40219.1
Project("{FAE04EC0-301F-11D3-BF4B-00C04F79EFBC}") = "Trabajo2024-03-19", "Trabajo2024-03-19\Trabajo2024-03-19.csproj", "{24561954-EF19-49F1-BBA2-CB6486A686AB}"
EndProject
Global
	GlobalSection(SolutionConfigurationPlatforms) = preSolution
		Debug|Any CPU = Debug|Any CPU
		Release|Any CPU = Release|Any CPU
	EndGlobalSection
	GlobalSection(ProjectConfigurationPlatforms) = postSolution
		{24561954-EF19-49F1-BBA2-CB6486A686AB}.Debug|Any CPU.ActiveCfg = Debug|Any CPU
		{24561954-EF19-49F1-BBA2-CB6486A686AB}.Debug|Any CPU.Build.0 = Debug|Any CPU
		{24561954-EF19-49F1-BBA2-CB6486A686AB}.Debug|Any CPU.Deploy.0 = Debug|Any CPU
		{24561954-EF19-49F1-BBA2-CB6486A686AB}.Release|Any CPU.ActiveCfg = Release|Any CPU
		{24561954-EF19-49F1-BBA2-CB6486A686AB}.Release|Any CPU.Build.0 = Release|Any CPU
		{24561954-EF19-49F1-BBA2-CB6486A686AB}.Release|Any CPU.Deploy.0 = Release|Any CPU
	EndGlobalSection
	GlobalSection(SolutionProperties) = preSolution
		HideSolutionNode = FALSE
	EndGlobalSection
	GlobalSection(ExtensibilityGlobals) = postSolution
		SolutionGuid = {37706E17-A4EC-4BD7-913C-AC1CF4FA265C}
	EndGlobalSection
EndGlobal
